{
  "version": 1,
  "dependencies": {
    ".NETStandard,Version=v2.0": {
      "Castle.Core": {
        "type": "Direct",
        "requested": "[5.2.1, )",
        "resolved": "5.2.1",
        "contentHash": "wHARzQA695jwwKreOzNsq54KiGqKP38tv8hi8e2FXDEC/sA6BtrX90tVPDkOfVu13PbEzr00TCV8coikl+D1Iw==",
        "dependencies": {
          "System.Diagnostics.EventLog": "4.7.0",
          "System.Reflection.Emit": "4.7.0"
        }
      },
      "Microsoft.CSharp": {
        "type": "Direct",
        "requested": "[4.7.0, )",
        "resolved": "4.7.0",
        "contentHash": "pTj+D3uJWyN3My70i2Hqo+OXixq3Os2D1nJ2x92FFo6sk8fYS1m1WLNTs0Dc1uPaViH0YvEEwvzddQ7y4rhXmA=="
      },
      "NETStandard.Library": {
        "type": "Direct",
        "requested": "[2.0.3, )",
        "resolved": "2.0.3",
        "contentHash": "st47PosZSHrjECdjeIzZQbzivYBJFv6P2nv4cj2ypdI204DO+vZ7l5raGMiX4eXMJ53RfOIg+/s4DHVZ54Nu2A==",
        "dependencies": {
          "Microsoft.NETCore.Platforms": "1.1.0"
        }
      },
      "Newtonsoft.Json": {
        "type": "Direct",
        "requested": "[13.0.3, )",
        "resolved": "13.0.3",
        "contentHash": "HrC5BXdl00IP9zeV+0Z848QWPAoCr9P3bDEZguI+gkLcBKAOxix/tLEAAHC+UvDNPv4a2d18lOReHMOagPa+zQ=="
      },
      "Microsoft.NETCore.Platforms": {
        "type": "Transitive",
        "resolved": "1.1.0",
        "contentHash": "kz0PEW2lhqygehI/d6XsPCQzD7ff7gUJaVGPVETX611eadGsA3A877GdSlU0LRVMCTH/+P3o2iDTak+S08V2+A=="
      },
      "System.Diagnostics.EventLog": {
        "type": "Transitive",
        "resolved": "4.7.0",
        "contentHash": "iDoKGQcRwX0qwY+eAEkaJGae0d/lHlxtslO+t8pJWAUxlvY3tqLtVOPnW2UU4cFjP0Y/L1QBqhkZfSyGqVMR2w==",
        "dependencies": {
          "System.Security.Principal.Windows": "4.7.0"
        }
      },
      "System.Reflection.Emit": {
        "type": "Transitive",
        "resolved": "4.7.0",
        "contentHash": "VR4kk8XLKebQ4MZuKuIni/7oh+QGFmZW3qORd1GvBq/8026OpW501SzT/oypwiQl4TvT8ErnReh/NzY9u+C6wQ==",
        "dependencies": {
          "System.Reflection.Emit.ILGeneration": "4.7.0"
        }
      },
      "System.Reflection.Emit.ILGeneration": {
        "type": "Transitive",
        "resolved": "4.7.0",
        "contentHash": "AucBYo3DSI0IDxdUjKksBcQJXPHyoPyrCXYURW1WDsLI4M65Ar/goSHjdnHOAY9MiYDNKqDlIgaYm+zL2hA1KA=="
      },
      "System.Security.Principal.Windows": {
        "type": "Transitive",
        "resolved": "4.7.0",
        "contentHash": "ojD0PX0XhneCsUbAZVKdb7h/70vyYMDYs85lwEI+LngEONe/17A0cFaRFqZU+sOEidcVswYWikYOQ9PPfjlbtQ=="
      }
    }
  }
}